
Microsoft Visual Studio Solution File, Format Version 12.00
# Visual Studio 14
VisualStudioVersion = 14.0.25420.1
MinimumVisualStudioVersion = 10.0.40219.1
Project("{FAE04EC0-301F-11D3-BF4B-00C04F79EFBC}") = "CoversionAPI", "CoversionAPI\CoversionAPI.csproj", "{55328DAB-3714-4F69-B885-50ABAFA2B567}"
EndProject
Project("{FAE04EC0-301F-11D3-BF4B-00C04F79EFBC}") = "ConversionAPI.Tests", "ConversionAPI.Tests\ConversionAPI.Tests.csproj", "{5456F9FA-0AFD-46C1-97AC-04ECF631FB5A}"
EndProject
Global
	GlobalSection(SolutionConfigurationPlatforms) = preSolution
		Debug|Any CPU = Debug|Any CPU
		Release|Any CPU = Release|Any CPU
	EndGlobalSection
	GlobalSection(ProjectConfigurationPlatforms) = postSolution
		{55328DAB-3714-4F69-B885-50ABAFA2B567}.Debug|Any CPU.ActiveCfg = Debug|Any CPU
		{55328DAB-3714-4F69-B885-50ABAFA2B567}.Debug|Any CPU.Build.0 = Debug|Any CPU
		{55328DAB-3714-4F69-B885-50ABAFA2B567}.Release|Any CPU.ActiveCfg = Release|Any CPU
		{55328DAB-3714-4F69-B885-50ABAFA2B567}.Release|Any CPU.Build.0 = Release|Any CPU
		{5456F9FA-0AFD-46C1-97AC-04ECF631FB5A}.Debug|Any CPU.ActiveCfg = Debug|Any CPU
		{5456F9FA-0AFD-46C1-97AC-04ECF631FB5A}.Debug|Any CPU.Build.0 = Debug|Any CPU
		{5456F9FA-0AFD-46C1-97AC-04ECF631FB5A}.Release|Any CPU.ActiveCfg = Release|Any CPU
		{5456F9FA-0AFD-46C1-97AC-04ECF631FB5A}.Release|Any CPU.Build.0 = Release|Any CPU
	EndGlobalSection
	GlobalSection(SolutionProperties) = preSolution
		HideSolutionNode = FALSE
	EndGlobalSection
EndGlobal
